# This file was autogenerated by Stack.
# You should not edit this file by hand.
# For more information, please see the documentation at:
#   https://docs.haskellstack.org/en/stable/topics/lock_files

packages:
- completed:
    commit: 91492d180aac22e7be84457ba7f39892916b78b7
    git: https://github.com/tommyengstrom/firebase-jwk.git
    name: firebase-jwk
    pantry-tree:
      sha256: ad971ef2cbb88bf12d52e4c5e64ee6cfbaa1a0685efa4b3649b7a7b40b95b745
      size: 1147
    version: 0.1.3.0
  original:
    commit: 91492d180aac22e7be84457ba7f39892916b78b7
    git: https://github.com/tommyengstrom/firebase-jwk.git
- completed:
    hackage: servant-auth-server-0.4.9.0@sha256:81bf73638d2a47c629bbadf9f212319a901073682e51b1ca6bf27dec27de7b6a,5547
    pantry-tree:
      sha256: e11af75fbc4d8a8f0d64d495db294bc96eafc1a4e21e4df86e7ef5fd789c50c8
      size: 1376
  original:
    hackage: servant-auth-server-0.4.9.0@sha256:81bf73638d2a47c629bbadf9f212319a901073682e51b1ca6bf27dec27de7b6a,5547
- completed:
    hackage: servant-openapi3-2.0.1.6@sha256:228b7f17fa3602a4b5c4a7e79cd50a476b3e11619138e79ad0fa089b731a153e,4999
    pantry-tree:
      sha256: 3de43892a047d246a36f8684946f01893802b6282519503f3d2042dbf5ae00c9
      size: 1637
  original:
    hackage: servant-openapi3-2.0.1.6@sha256:228b7f17fa3602a4b5c4a7e79cd50a476b3e11619138e79ad0fa089b731a153e,4999
- completed:
    hackage: data-default-class-0.1.2.2@sha256:51400ed341ec87e86a4acf83301c6890e1fc67708e2d0ac519d48e0a14f54c15,1309
    pantry-tree:
      sha256: b9c5a48d3097caa28ec1e1a562e57cc3d0ad8802798430a216e575bf8b9b0ec8
      size: 225
  original:
    hackage: data-default-class-0.1.2.2@sha256:51400ed341ec87e86a4acf83301c6890e1fc67708e2d0ac519d48e0a14f54c15,1309
snapshots:
- completed:
    sha256: 53d74d0ba05207bf70f1e5dc4b673f5dd6fd69220817d30d756d207b9ae8d742
    size: 712220
    url: https://raw.githubusercontent.com/commercialhaskell/stackage-snapshots/master/nightly/2025/6/18.yaml
  original: nightly-2025-06-18
